// !$*UTF8*$!
{
	archiveVersion = 1;
	classes = {
	};
	objectVersion = 52;
	objects = {

/* Begin PBXBuildFile section */
		18D807DB2483EFCD0006D892 /* AppDelegate.swift in Sources */ = {isa = PBXBuildFile; fileRef = 18D807DA2483EFCD0006D892 /* AppDelegate.swift */; };
		18D807DD2483EFCD0006D892 /* ContentView.swift in Sources */ = {isa = PBXBuildFile; fileRef = 18D807DC2483EFCD0006D892 /* ContentView.swift */; };
		18D807DF2483EFCE0006D892 /* Assets.xcassets in Resources */ = {isa = PBXBuildFile; fileRef = 18D807DE2483EFCE0006D892 /* Assets.xcassets */; };
		18D807E22483EFCE0006D892 /* Preview Assets.xcassets in Resources */ = {isa = PBXBuildFile; fileRef = 18D807E12483EFCE0006D892 /* Preview Assets.xcassets */; };
		18D807E52483EFCE0006D892 /* Main.storyboard in Resources */ = {isa = PBXBuildFile; fileRef = 18D807E32483EFCE0006D892 /* Main.storyboard */; };
		18D807F42483F14F0006D892 /* SwiftJWT in Frameworks */ = {isa = PBXBuildFile; productRef = 18D807F32483F14F0006D892 /* SwiftJWT */; };
/* End PBXBuildFile section */

/* Begin PBXFileReference section */
		18D807D72483EFCD0006D892 /* Notifier.app */ = {isa = PBXFileReference; explicitFileType = wrapper.application; includeInIndex = 0; path = Notifier.app; sourceTree = BUILT_PRODUCTS_DIR; };
		18D807DA2483EFCD0006D892 /* AppDelegate.swift */ = {isa = PBXFileReference; lastKnownFileType = sourcecode.swift; path = AppDelegate.swift; sourceTree = "<group>"; };
		18D807DC2483EFCD0006D892 /* ContentView.swift */ = {isa = PBXFileReference; lastKnownFileType = sourcecode.swift; path = ContentView.swift; sourceTree = "<group>"; };
		18D807DE2483EFCE0006D892 /* Assets.xcassets */ = {isa = PBXFileReference; lastKnownFileType = folder.assetcatalog; path = Assets.xcassets; sourceTree = "<group>"; };
		18D807E12483EFCE0006D892 /* Preview Assets.xcassets */ = {isa = PBXFileReference; lastKnownFileType = folder.assetcatalog; path = "Preview Assets.xcassets"; sourceTree = "<group>"; };
		18D807E42483EFCE0006D892 /* Base */ = {isa = PBXFileReference; lastKnownFileType = file.storyboard; name = Base; path = Base.lproj/Main.storyboard; sourceTree = "<group>"; };
		18D807E62483EFCE0006D892 /* Info.plist */ = {isa = PBXFileReference; lastKnownFileType = text.plist.xml; path = Info.plist; sourceTree = "<group>"; };
		18D807E72483EFCE0006D892 /* Notifier.entitlements */ = {isa = PBXFileReference; lastKnownFileType = text.plist.entitlements; path = Notifier.entitlements; sourceTree = "<group>"; };
/* End PBXFileReference section */

/* Begin PBXFrameworksBuildPhase section */
		18D807D42483EFCD0006D892 /* Frameworks */ = {
			isa = PBXFrameworksBuildPhase;
			buildActionMask = 2147483647;
			files = (
				18D807F42483F14F0006D892 /* SwiftJWT in Frameworks */,
			);
			runOnlyForDeploymentPostprocessing = 0;
		};
/* End PBXFrameworksBuildPhase section */

/* Begin PBXGroup section */
		18D807CE2483EFCD0006D892 = {
			isa = PBXGroup;
			children = (
				18D807D92483EFCD0006D892 /* Notifier */,
				18D807D82483EFCD0006D892 /* Products */,
			);
			sourceTree = "<group>";
		};
		18D807D82483EFCD0006D892 /* Products */ = {
			isa = PBXGroup;
			children = (
				18D807D72483EFCD0006D892 /* Notifier.app */,
			);
			name = Products;
			sourceTree = "<group>";
		};
		18D807D92483EFCD0006D892 /* Notifier */ = {
			isa = PBXGroup;
			children = (
				18D807EF2483F01D0006D892 /* AppDelegate */,
				18D807F02483F0250006D892 /* Views */,
				18D807F12483F02A0006D892 /* Resources */,
				18D807ED2483EFDF0006D892 /* UI */,
				18D807EE2483EFE50006D892 /* SupportingFiles */,
				18D807E02483EFCE0006D892 /* Preview Content */,
			);
			path = Notifier;
			sourceTree = "<group>";
		};
		18D807E02483EFCE0006D892 /* Preview Content */ = {
			isa = PBXGroup;
			children = (
				18D807E12483EFCE0006D892 /* Preview Assets.xcassets */,
			);
			path = "Preview Content";
			sourceTree = "<group>";
		};
		18D807ED2483EFDF0006D892 /* UI */ = {
			isa = PBXGroup;
			children = (
				18D807E32483EFCE0006D892 /* Main.storyboard */,
			);
			path = UI;
			sourceTree = "<group>";
		};
		18D807EE2483EFE50006D892 /* SupportingFiles */ = {
			isa = PBXGroup;
			children = (
				18D807E62483EFCE0006D892 /* Info.plist */,
				18D807E72483EFCE0006D892 /* Notifier.entitlements */,
			);
			path = SupportingFiles;
			sourceTree = "<group>";
		};
		18D807EF2483F01D0006D892 /* AppDelegate */ = {
			isa = PBXGroup;
			children = (
				18D807DA2483EFCD0006D892 /* AppDelegate.swift */,
			);
			path = AppDelegate;
			sourceTree = "<group>";
		};
		18D807F02483F0250006D892 /* Views */ = {
			isa = PBXGroup;
			children = (
				18D807DC2483EFCD0006D892 /* ContentView.swift */,
			);
			path = Views;
			sourceTree = "<group>";
		};
		18D807F12483F02A0006D892 /* Resources */ = {
			isa = PBXGroup;
			children = (
				18D807DE2483EFCE0006D892 /* Assets.xcassets */,
			);
			path = Resources;
			sourceTree = "<group>";
		};
/* End PBXGroup section */

/* Begin PBXNativeTarget section */
		18D807D62483EFCD0006D892 /* Notifier */ = {
			isa = PBXNativeTarget;
			buildConfigurationList = 18D807EA2483EFCE0006D892 /* Build configuration list for PBXNativeTarget "Notifier" */;
			buildPhases = (
				18D807D32483EFCD0006D892 /* Sources */,
				18D807D42483EFCD0006D892 /* Frameworks */,
				18D807D52483EFCD0006D892 /* Resources */,
			);
			buildRules = (
			);
			dependencies = (
			);
			name = Notifier;
			packageProductDependencies = (
				18D807F32483F14F0006D892 /* SwiftJWT */,
			);
			productName = Notifier;
			productReference = 18D807D72483EFCD0006D892 /* Notifier.app */;
			productType = "com.apple.product-type.application";
		};
/* End PBXNativeTarget section */

/* Begin PBXProject section */
		18D807CF2483EFCD0006D892 /* Project object */ = {
			isa = PBXProject;
			attributes = {
				LastSwiftUpdateCheck = 1150;
				LastUpgradeCheck = 1150;
				ORGANIZATIONNAME = "Bassem Abbas";
				TargetAttributes = {
					18D807D62483EFCD0006D892 = {
						CreatedOnToolsVersion = 11.5;
					};
				};
			};
			buildConfigurationList = 18D807D22483EFCD0006D892 /* Build configuration list for PBXProject "Notifier" */;
			compatibilityVersion = "Xcode 9.3";
			developmentRegion = en;
			hasScannedForEncodings = 0;
			knownRegions = (
				en,
				Base,
			);
			mainGroup = 18D807CE2483EFCD0006D892;
			packageReferences = (
				18D807F22483F14F0006D892 /* XCRemoteSwiftPackageReference "Swift-JWT" */,
			);
			productRefGroup = 18D807D82483EFCD0006D892 /* Products */;
			projectDirPath = "";
			projectRoot = "";
			targets = (
				18D807D62483EFCD0006D892 /* Notifier */,
			);
		};
/* End PBXProject section */

/* Begin PBXResourcesBuildPhase section */
		18D807D52483EFCD0006D892 /* Resources */ = {
			isa = PBXResourcesBuildPhase;
			buildActionMask = 2147483647;
			files = (
				18D807E52483EFCE0006D892 /* Main.storyboard in Resources */,
				18D807E22483EFCE0006D892 /* Preview Assets.xcassets in Resources */,
				18D807DF2483EFCE0006D892 /* Assets.xcassets in Resources */,
			);
			runOnlyForDeploymentPostprocessing = 0;
		};
/* End PBXResourcesBuildPhase section */

/* Begin PBXSourcesBuildPhase section */
		18D807D32483EFCD0006D892 /* Sources */ = {
			isa = PBXSourcesBuildPhase;
			buildActionMask = 2147483647;
			files = (
				18D807DD2483EFCD0006D892 /* ContentView.swift in Sources */,
				18D807DB2483EFCD0006D892 /* AppDelegate.swift in Sources */,
			);
			runOnlyForDeploymentPostprocessing = 0;
		};
/* End PBXSourcesBuildPhase section */

/* Begin PBXVariantGroup section */
		18D807E32483EFCE0006D892 /* Main.storyboard */ = {
			isa = PBXVariantGroup;
			children = (
				18D807E42483EFCE0006D892 /* Base */,
			);
			name = Main.storyboard;
			sourceTree = "<group>";
		};
/* End PBXVariantGroup section */

/* Begin XCBuildConfiguration section */
		18D807E82483EFCE0006D892 /* Debug */ = {
			isa = XCBuildConfiguration;
			buildSettings = {
				ALWAYS_SEARCH_USER_PATHS = NO;
				CLANG_ANALYZER_NONNULL = YES;
				CLANG_ANALYZER_NUMBER_OBJECT_CONVERSION = YES_AGGRESSIVE;
				CLANG_CXX_LANGUAGE_STANDARD = "gnu++14";
				CLANG_CXX_LIBRARY = "libc++";
				CLANG_ENABLE_MODULES = YES;
				CLANG_ENABLE_OBJC_ARC = YES;
				CLANG_ENABLE_OBJC_WEAK = YES;
				CLANG_WARN_BLOCK_CAPTURE_AUTORELEASING = YES;
				CLANG_WARN_BOOL_CONVERSION = YES;
				CLANG_WARN_COMMA = YES;
				CLANG_WARN_CONSTANT_CONVERSION = YES;
				CLANG_WARN_DEPRECATED_OBJC_IMPLEMENTATIONS = YES;
				CLANG_WARN_DIRECT_OBJC_ISA_USAGE = YES_ERROR;
				CLANG_WARN_DOCUMENTATION_COMMENTS = YES;
				CLANG_WARN_EMPTY_BODY = YES;
				CLANG_WARN_ENUM_CONVERSION = YES;
				CLANG_WARN_INFINITE_RECURSION = YES;
				CLANG_WARN_INT_CONVERSION = YES;
				CLANG_WARN_NON_LITERAL_NULL_CONVERSION = YES;
				CLANG_WARN_OBJC_IMPLICIT_RETAIN_SELF = YES;
				CLANG_WARN_OBJC_LITERAL_CONVERSION = YES;
				CLANG_WARN_OBJC_ROOT_CLASS = YES_ERROR;
				CLANG_WARN_RANGE_LOOP_ANALYSIS = YES;
				CLANG_WARN_STRICT_PROTOTYPES = YES;
				CLANG_WARN_SUSPICIOUS_MOVE = YES;
				CLANG_WARN_UNGUARDED_AVAILABILITY = YES_AGGRESSIVE;
				CLANG_WARN_UNREACHABLE_CODE = YES;
				CLANG_WARN__DUPLICATE_METHOD_MATCH = YES;
				COPY_PHASE_STRIP = NO;
				DEBUG_INFORMATION_FORMAT = dwarf;
				ENABLE_STRICT_OBJC_MSGSEND = YES;
				ENABLE_TESTABILITY = YES;
				GCC_C_LANGUAGE_STANDARD = gnu11;
				GCC_DYNAMIC_NO_PIC = NO;
				GCC_NO_COMMON_BLOCKS = YES;
				GCC_OPTIMIZATION_LEVEL = 0;
				GCC_PREPROCESSOR_DEFINITIONS = (
					"DEBUG=1",
					"$(inherited)",
				);
				GCC_WARN_64_TO_32_BIT_CONVERSION = YES;
				GCC_WARN_ABOUT_RETURN_TYPE = YES_ERROR;
				GCC_WARN_UNDECLARED_SELECTOR = YES;
				GCC_WARN_UNINITIALIZED_AUTOS = YES_AGGRESSIVE;
				GCC_WARN_UNUSED_FUNCTION = YES;
				GCC_WARN_UNUSED_VARIABLE = YES;
				MACOSX_DEPLOYMENT_TARGET = 10.15;
				MTL_ENABLE_DEBUG_INFO = INCLUDE_SOURCE;
				MTL_FAST_MATH = YES;
				ONLY_ACTIVE_ARCH = YES;
				SDKROOT = macosx;
				SWIFT_ACTIVE_COMPILATION_CONDITIONS = DEBUG;
				SWIFT_OPTIMIZATION_LEVEL = "-Onone";
			};
			name = Debug;
		};
		18D807E92483EFCE0006D892 /* Release */ = {
			isa = XCBuildConfiguration;
			buildSettings = {
				ALWAYS_SEARCH_USER_PATHS = NO;
				CLANG_ANALYZER_NONNULL = YES;
				CLANG_ANALYZER_NUMBER_OBJECT_CONVERSION = YES_AGGRESSIVE;
				CLANG_CXX_LANGUAGE_STANDARD = "gnu++14";
				CLANG_CXX_LIBRARY = "libc++";
				CLANG_ENABLE_MODULES = YES;
				CLANG_ENABLE_OBJC_ARC = YES;
				CLANG_ENABLE_OBJC_WEAK = YES;
				CLANG_WARN_BLOCK_CAPTURE_AUTORELEASING = YES;
				CLANG_WARN_BOOL_CONVERSION = YES;
				CLANG_WARN_COMMA = YES;
				CLANG_WARN_CONSTANT_CONVERSION = YES;
				CLANG_WARN_DEPRECATED_OBJC_IMPLEMENTATIONS = YES;
				CLANG_WARN_DIRECT_OBJC_ISA_USAGE = YES_ERROR;
				CLANG_WARN_DOCUMENTATION_COMMENTS = YES;
				CLANG_WARN_EMPTY_BODY = YES;
				CLANG_WARN_ENUM_CONVERSION = YES;
				CLANG_WARN_INFINITE_RECURSION = YES;
				CLANG_WARN_INT_CONVERSION = YES;
				CLANG_WARN_NON_LITERAL_NULL_CONVERSION = YES;
				CLANG_WARN_OBJC_IMPLICIT_RETAIN_SELF = YES;
				CLANG_WARN_OBJC_LITERAL_CONVERSION = YES;
				CLANG_WARN_OBJC_ROOT_CLASS = YES_ERROR;
				CLANG_WARN_RANGE_LOOP_ANALYSIS = YES;
				CLANG_WARN_STRICT_PROTOTYPES = YES;
				CLANG_WARN_SUSPICIOUS_MOVE = YES;
				CLANG_WARN_UNGUARDED_AVAILABILITY = YES_AGGRESSIVE;
				CLANG_WARN_UNREACHABLE_CODE = YES;
				CLANG_WARN__DUPLICATE_METHOD_MATCH = YES;
				COPY_PHASE_STRIP = NO;
				DEBUG_INFORMATION_FORMAT = "dwarf-with-dsym";
				ENABLE_NS_ASSERTIONS = NO;
				ENABLE_STRICT_OBJC_MSGSEND = YES;
				GCC_C_LANGUAGE_STANDARD = gnu11;
				GCC_NO_COMMON_BLOCKS = YES;
				GCC_WARN_64_TO_32_BIT_CONVERSION = YES;
				GCC_WARN_ABOUT_RETURN_TYPE = YES_ERROR;
				GCC_WARN_UNDECLARED_SELECTOR = YES;
				GCC_WARN_UNINITIALIZED_AUTOS = YES_AGGRESSIVE;
				GCC_WARN_UNUSED_FUNCTION = YES;
				GCC_WARN_UNUSED_VARIABLE = YES;
				MACOSX_DEPLOYMENT_TARGET = 10.15;
				MTL_ENABLE_DEBUG_INFO = NO;
				MTL_FAST_MATH = YES;
				SDKROOT = macosx;
				SWIFT_COMPILATION_MODE = wholemodule;
				SWIFT_OPTIMIZATION_LEVEL = "-O";
			};
			name = Release;
		};
		18D807EB2483EFCE0006D892 /* Debug */ = {
			isa = XCBuildConfiguration;
			buildSettings = {
				ASSETCATALOG_COMPILER_APPICON_NAME = AppIcon;
				CODE_SIGN_ENTITLEMENTS = Notifier/SupportingFiles/Notifier.entitlements;
				CODE_SIGN_STYLE = Automatic;
				COMBINE_HIDPI_IMAGES = YES;
				CURRENT_PROJECT_VERSION = 1;
				DEVELOPMENT_ASSET_PATHS = "\"Notifier/Preview Content\"";
				DEVELOPMENT_TEAM = 3HW52YW266;
				ENABLE_HARDENED_RUNTIME = YES;
				ENABLE_PREVIEWS = YES;
				INFOPLIST_FILE = Notifier/SupportingFiles/Info.plist;
				LD_RUNPATH_SEARCH_PATHS = (
					"$(inherited)",
					"@executable_path/../Frameworks",
				);
				MACOSX_DEPLOYMENT_TARGET = 10.15;
				MARKETING_VERSION = 0.1;
				PRODUCT_BUNDLE_IDENTIFIER = io.notifier;
				PRODUCT_NAME = "$(TARGET_NAME)";
				SWIFT_VERSION = 5.0;
				VERSIONING_SYSTEM = "apple-generic";
			};
			name = Debug;
		};
		18D807EC2483EFCE0006D892 /* Release */ = {
			isa = XCBuildConfiguration;
			buildSettings = {
				ASSETCATALOG_COMPILER_APPICON_NAME = AppIcon;
				CODE_SIGN_ENTITLEMENTS = Notifier/SupportingFiles/Notifier.entitlements;
				CODE_SIGN_STYLE = Automatic;
				COMBINE_HIDPI_IMAGES = YES;
				CURRENT_PROJECT_VERSION = 1;
				DEVELOPMENT_ASSET_PATHS = "\"Notifier/Preview Content\"";
				DEVELOPMENT_TEAM = 3HW52YW266;
				ENABLE_HARDENED_RUNTIME = YES;
				ENABLE_PREVIEWS = YES;
				INFOPLIST_FILE = Notifier/SupportingFiles/Info.plist;
				LD_RUNPATH_SEARCH_PATHS = (
					"$(inherited)",
					"@executable_path/../Frameworks",
				);
				MACOSX_DEPLOYMENT_TARGET = 10.15;
				MARKETING_VERSION = 0.1;
				PRODUCT_BUNDLE_IDENTIFIER = io.notifier;
				PRODUCT_NAME = "$(TARGET_NAME)";
				SWIFT_VERSION = 5.0;
				VERSIONING_SYSTEM = "apple-generic";
			};
			name = Release;
		};
/* End XCBuildConfiguration section */

/* Begin XCConfigurationList section */
		18D807D22483EFCD0006D892 /* Build configuration list for PBXProject "Notifier" */ = {
			isa = XCConfigurationList;
			buildConfigurations = (
				18D807E82483EFCE0006D892 /* Debug */,
				18D807E92483EFCE0006D892 /* Release */,
			);
			defaultConfigurationIsVisible = 0;
			defaultConfigurationName = Release;
		};
		18D807EA2483EFCE0006D892 /* Build configuration list for PBXNativeTarget "Notifier" */ = {
			isa = XCConfigurationList;
			buildConfigurations = (
				18D807EB2483EFCE0006D892 /* Debug */,
				18D807EC2483EFCE0006D892 /* Release */,
			);
			defaultConfigurationIsVisible = 0;
			defaultConfigurationName = Release;
		};
/* End XCConfigurationList section */

/* Begin XCRemoteSwiftPackageReference section */
		18D807F22483F14F0006D892 /* XCRemoteSwiftPackageReference "Swift-JWT" */ = {
			isa = XCRemoteSwiftPackageReference;
			repositoryURL = "https://github.com/IBM-Swift/Swift-JWT.git";
			requirement = {
				kind = upToNextMajorVersion;
				minimumVersion = 3.6.1;
			};
		};
/* End XCRemoteSwiftPackageReference section */

/* Begin XCSwiftPackageProductDependency section */
		18D807F32483F14F0006D892 /* SwiftJWT */ = {
			isa = XCSwiftPackageProductDependency;
			package = 18D807F22483F14F0006D892 /* XCRemoteSwiftPackageReference "Swift-JWT" */;
			productName = SwiftJWT;
		};
/* End XCSwiftPackageProductDependency section */
	};
	rootObject = 18D807CF2483EFCD0006D892 /* Project object */;
}
